
Microsoft Visual Studio Solution File, Format Version 12.00
# Visual Studio 15
Project("{FAE04EC0-301F-11D3-BF4B-00C04F79EFBC}") = "Ink-Libraries", "Ink-Libraries.csproj", "{685E0107-DE8E-254A-4CE8-FCC45DFD9CB2}"
EndProject
Project("{FAE04EC0-301F-11D3-BF4B-00C04F79EFBC}") = "Assembly-CSharp", "Assembly-CSharp.csproj", "{E177EDC5-4045-7984-FC1B-1862B5CB07F2}"
EndProject
Project("{FAE04EC0-301F-11D3-BF4B-00C04F79EFBC}") = "InkEditor", "InkEditor.csproj", "{B969F48A-0EFF-2A7A-ED73-7EDC702284B9}"
EndProject
Project("{FAE04EC0-301F-11D3-BF4B-00C04F79EFBC}") = "Assembly-CSharp-Editor", "Assembly-CSharp-Editor.csproj", "{E0F85A76-F121-26E8-43DD-C63273B4FDB7}"
EndProject
Global
	GlobalSection(SolutionConfigurationPlatforms) = preSolution
		Debug|Any CPU = Debug|Any CPU
		Release|Any CPU = Release|Any CPU
	EndGlobalSection
	GlobalSection(ProjectConfigurationPlatforms) = postSolution
		{685E0107-DE8E-254A-4CE8-FCC45DFD9CB2}.Debug|Any CPU.ActiveCfg = Debug|Any CPU
		{685E0107-DE8E-254A-4CE8-FCC45DFD9CB2}.Debug|Any CPU.Build.0 = Debug|Any CPU
		{685E0107-DE8E-254A-4CE8-FCC45DFD9CB2}.Release|Any CPU.ActiveCfg = Release|Any CPU
		{685E0107-DE8E-254A-4CE8-FCC45DFD9CB2}.Release|Any CPU.Build.0 = Release|Any CPU
		{E177EDC5-4045-7984-FC1B-1862B5CB07F2}.Debug|Any CPU.ActiveCfg = Debug|Any CPU
		{E177EDC5-4045-7984-FC1B-1862B5CB07F2}.Debug|Any CPU.Build.0 = Debug|Any CPU
		{E177EDC5-4045-7984-FC1B-1862B5CB07F2}.Release|Any CPU.ActiveCfg = Release|Any CPU
		{E177EDC5-4045-7984-FC1B-1862B5CB07F2}.Release|Any CPU.Build.0 = Release|Any CPU
		{B969F48A-0EFF-2A7A-ED73-7EDC702284B9}.Debug|Any CPU.ActiveCfg = Debug|Any CPU
		{B969F48A-0EFF-2A7A-ED73-7EDC702284B9}.Debug|Any CPU.Build.0 = Debug|Any CPU
		{B969F48A-0EFF-2A7A-ED73-7EDC702284B9}.Release|Any CPU.ActiveCfg = Release|Any CPU
		{B969F48A-0EFF-2A7A-ED73-7EDC702284B9}.Release|Any CPU.Build.0 = Release|Any CPU
		{E0F85A76-F121-26E8-43DD-C63273B4FDB7}.Debug|Any CPU.ActiveCfg = Debug|Any CPU
		{E0F85A76-F121-26E8-43DD-C63273B4FDB7}.Debug|Any CPU.Build.0 = Debug|Any CPU
		{E0F85A76-F121-26E8-43DD-C63273B4FDB7}.Release|Any CPU.ActiveCfg = Release|Any CPU
		{E0F85A76-F121-26E8-43DD-C63273B4FDB7}.Release|Any CPU.Build.0 = Release|Any CPU
	EndGlobalSection
	GlobalSection(SolutionProperties) = preSolution
		HideSolutionNode = FALSE
	EndGlobalSection
EndGlobal
